
Microsoft Visual Studio Solution File, Format Version 12.00
# Visual Studio Version 16
VisualStudioVersion = 16.0.31205.134
MinimumVisualStudioVersion = 10.0.40219.1
Project("{FAE04EC0-301F-11D3-BF4B-00C04F79EFBC}") = "ClassLibrary1", "ClassLibrary1\ClassLibrary1.csproj", "{23D6B7B5-C013-47A0-8772-2CC09F822ED7}"
EndProject
Global
	GlobalSection(SolutionConfigurationPlatforms) = preSolution
		Debug|Any CPU = Debug|Any CPU
		Release|Any CPU = Release|Any CPU
	EndGlobalSection
	GlobalSection(ProjectConfigurationPlatforms) = postSolution
		{23D6B7B5-C013-47A0-8772-2CC09F822ED7}.Debug|Any CPU.ActiveCfg = Debug|Any CPU
		{23D6B7B5-C013-47A0-8772-2CC09F822ED7}.Debug|Any CPU.Build.0 = Debug|Any CPU
		{23D6B7B5-C013-47A0-8772-2CC09F822ED7}.Release|Any CPU.ActiveCfg = Release|Any CPU
		{23D6B7B5-C013-47A0-8772-2CC09F822ED7}.Release|Any CPU.Build.0 = Release|Any CPU
	EndGlobalSection
	GlobalSection(SolutionProperties) = preSolution
		HideSolutionNode = FALSE
	EndGlobalSection
	GlobalSection(ExtensibilityGlobals) = postSolution
		SolutionGuid = {60AEE39A-37C6-410D-A467-DEEBC4BBECF5}
	EndGlobalSection
EndGlobal
